// !$*UTF8*$!
{
	archiveVersion = 1;
	classes = {
	};
	objectVersion = 46;
	objects = {

/* Begin PBXBuildFile section */
		26429F041CF7A68A00D2A6EA /* google logo.png in Resources */ = {isa = PBXBuildFile; fileRef = 26429F031CF7A68A00D2A6EA /* google logo.png */; };
		267024261CF650100034F2D7 /* main.m in Sources */ = {isa = PBXBuildFile; fileRef = 267024251CF650100034F2D7 /* main.m */; };
		267024291CF650100034F2D7 /* AppDelegate.m in Sources */ = {isa = PBXBuildFile; fileRef = 267024281CF650100034F2D7 /* AppDelegate.m */; };
		2670242F1CF650100034F2D7 /* Main.storyboard in Resources */ = {isa = PBXBuildFile; fileRef = 2670242D1CF650100034F2D7 /* Main.storyboard */; };
		267024321CF650100034F2D7 /* A_F.xcdatamodeld in Sources */ = {isa = PBXBuildFile; fileRef = 267024301CF650100034F2D7 /* A_F.xcdatamodeld */; };
		267024341CF650100034F2D7 /* Assets.xcassets in Resources */ = {isa = PBXBuildFile; fileRef = 267024331CF650100034F2D7 /* Assets.xcassets */; };
		267024371CF650100034F2D7 /* LaunchScreen.storyboard in Resources */ = {isa = PBXBuildFile; fileRef = 267024351CF650100034F2D7 /* LaunchScreen.storyboard */; };
		267024401CF650210034F2D7 /* TableViewController.m in Sources */ = {isa = PBXBuildFile; fileRef = 2670243F1CF650210034F2D7 /* TableViewController.m */; };
		267024431CF67C580034F2D7 /* TableViewCell.m in Sources */ = {isa = PBXBuildFile; fileRef = 267024421CF67C580034F2D7 /* TableViewCell.m */; };
/* End PBXBuildFile section */

/* Begin PBXFileReference section */
		26429F031CF7A68A00D2A6EA /* google logo.png */ = {isa = PBXFileReference; lastKnownFileType = image.png; path = "google logo.png"; sourceTree = "<group>"; };
		267024211CF650100034F2D7 /* A&F.app */ = {isa = PBXFileReference; explicitFileType = wrapper.application; includeInIndex = 0; path = "A&F.app"; sourceTree = BUILT_PRODUCTS_DIR; };
		267024251CF650100034F2D7 /* main.m */ = {isa = PBXFileReference; lastKnownFileType = sourcecode.c.objc; path = main.m; sourceTree = "<group>"; };
		267024271CF650100034F2D7 /* AppDelegate.h */ = {isa = PBXFileReference; lastKnownFileType = sourcecode.c.h; path = AppDelegate.h; sourceTree = "<group>"; };
		267024281CF650100034F2D7 /* AppDelegate.m */ = {isa = PBXFileReference; lastKnownFileType = sourcecode.c.objc; path = AppDelegate.m; sourceTree = "<group>"; };
		2670242E1CF650100034F2D7 /* Base */ = {isa = PBXFileReference; lastKnownFileType = file.storyboard; name = Base; path = Base.lproj/Main.storyboard; sourceTree = "<group>"; };
		267024311CF650100034F2D7 /* A_F.xcdatamodel */ = {isa = PBXFileReference; lastKnownFileType = wrapper.xcdatamodel; path = A_F.xcdatamodel; sourceTree = "<group>"; };
		267024331CF650100034F2D7 /* Assets.xcassets */ = {isa = PBXFileReference; lastKnownFileType = folder.assetcatalog; path = Assets.xcassets; sourceTree = "<group>"; };
		267024361CF650100034F2D7 /* Base */ = {isa = PBXFileReference; lastKnownFileType = file.storyboard; name = Base; path = Base.lproj/LaunchScreen.storyboard; sourceTree = "<group>"; };
		267024381CF650100034F2D7 /* Info.plist */ = {isa = PBXFileReference; lastKnownFileType = text.plist.xml; path = Info.plist; sourceTree = "<group>"; };
		2670243E1CF650210034F2D7 /* TableViewController.h */ = {isa = PBXFileReference; fileEncoding = 4; lastKnownFileType = sourcecode.c.h; name = TableViewController.h; path = ../TableViewController.h; sourceTree = "<group>"; };
		2670243F1CF650210034F2D7 /* TableViewController.m */ = {isa = PBXFileReference; fileEncoding = 4; lastKnownFileType = sourcecode.c.objc; name = TableViewController.m; path = ../TableViewController.m; sourceTree = "<group>"; };
		267024411CF67C580034F2D7 /* TableViewCell.h */ = {isa = PBXFileReference; fileEncoding = 4; lastKnownFileType = sourcecode.c.h; path = TableViewCell.h; sourceTree = "<group>"; };
		267024421CF67C580034F2D7 /* TableViewCell.m */ = {isa = PBXFileReference; fileEncoding = 4; lastKnownFileType = sourcecode.c.objc; path = TableViewCell.m; sourceTree = "<group>"; };
/* End PBXFileReference section */

/* Begin PBXFrameworksBuildPhase section */
		2670241E1CF650100034F2D7 /* Frameworks */ = {
			isa = PBXFrameworksBuildPhase;
			buildActionMask = 2147483647;
			files = (
			);
			runOnlyForDeploymentPostprocessing = 0;
		};
/* End PBXFrameworksBuildPhase section */

/* Begin PBXGroup section */
		267024181CF650100034F2D7 = {
			isa = PBXGroup;
			children = (
				267024231CF650100034F2D7 /* A&F */,
				267024221CF650100034F2D7 /* Products */,
			);
			sourceTree = "<group>";
		};
		267024221CF650100034F2D7 /* Products */ = {
			isa = PBXGroup;
			children = (
				267024211CF650100034F2D7 /* A&F.app */,
			);
			name = Products;
			sourceTree = "<group>";
		};
		267024231CF650100034F2D7 /* A&F */ = {
			isa = PBXGroup;
			children = (
				267024271CF650100034F2D7 /* AppDelegate.h */,
				267024281CF650100034F2D7 /* AppDelegate.m */,
				2670242D1CF650100034F2D7 /* Main.storyboard */,
				267024411CF67C580034F2D7 /* TableViewCell.h */,
				267024421CF67C580034F2D7 /* TableViewCell.m */,
				267024331CF650100034F2D7 /* Assets.xcassets */,
				2670243E1CF650210034F2D7 /* TableViewController.h */,
				2670243F1CF650210034F2D7 /* TableViewController.m */,
				26429F031CF7A68A00D2A6EA /* google logo.png */,
				267024351CF650100034F2D7 /* LaunchScreen.storyboard */,
				267024381CF650100034F2D7 /* Info.plist */,
				267024301CF650100034F2D7 /* A_F.xcdatamodeld */,
				267024241CF650100034F2D7 /* Supporting Files */,
			);
			path = "A&F";
			sourceTree = "<group>";
		};
		267024241CF650100034F2D7 /* Supporting Files */ = {
			isa = PBXGroup;
			children = (
				267024251CF650100034F2D7 /* main.m */,
			);
			name = "Supporting Files";
			sourceTree = "<group>";
		};
/* End PBXGroup section */

/* Begin PBXNativeTarget section */
		267024201CF650100034F2D7 /* A&F */ = {
			isa = PBXNativeTarget;
			buildConfigurationList = 2670243B1CF650100034F2D7 /* Build configuration list for PBXNativeTarget "A&F" */;
			buildPhases = (
				2670241D1CF650100034F2D7 /* Sources */,
				2670241E1CF650100034F2D7 /* Frameworks */,
				2670241F1CF650100034F2D7 /* Resources */,
			);
			buildRules = (
			);
			dependencies = (
			);
			name = "A&F";
			productName = "A&F";
			productReference = 267024211CF650100034F2D7 /* A&F.app */;
			productType = "com.apple.product-type.application";
		};
/* End PBXNativeTarget section */

/* Begin PBXProject section */
		267024191CF650100034F2D7 /* Project object */ = {
			isa = PBXProject;
			attributes = {
				LastUpgradeCheck = 0730;
				ORGANIZATIONNAME = icc;
				TargetAttributes = {
					267024201CF650100034F2D7 = {
						CreatedOnToolsVersion = 7.3.1;
						DevelopmentTeam = 4D6DNT6JSS;
					};
				};
			};
			buildConfigurationList = 2670241C1CF650100034F2D7 /* Build configuration list for PBXProject "A&F" */;
			compatibilityVersion = "Xcode 3.2";
			developmentRegion = English;
			hasScannedForEncodings = 0;
			knownRegions = (
				en,
				Base,
			);
			mainGroup = 267024181CF650100034F2D7;
			productRefGroup = 267024221CF650100034F2D7 /* Products */;
			projectDirPath = "";
			projectRoot = "";
			targets = (
				267024201CF650100034F2D7 /* A&F */,
			);
		};
/* End PBXProject section */

/* Begin PBXResourcesBuildPhase section */
		2670241F1CF650100034F2D7 /* Resources */ = {
			isa = PBXResourcesBuildPhase;
			buildActionMask = 2147483647;
			files = (
				26429F041CF7A68A00D2A6EA /* google logo.png in Resources */,
				267024371CF650100034F2D7 /* LaunchScreen.storyboard in Resources */,
				267024341CF650100034F2D7 /* Assets.xcassets in Resources */,
				2670242F1CF650100034F2D7 /* Main.storyboard in Resources */,
			);
			runOnlyForDeploymentPostprocessing = 0;
		};
/* End PBXResourcesBuildPhase section */

/* Begin PBXSourcesBuildPhase section */
		2670241D1CF650100034F2D7 /* Sources */ = {
			isa = PBXSourcesBuildPhase;
			buildActionMask = 2147483647;
			files = (
				267024291CF650100034F2D7 /* AppDelegate.m in Sources */,
				267024321CF650100034F2D7 /* A_F.xcdatamodeld in Sources */,
				267024261CF650100034F2D7 /* main.m in Sources */,
				267024431CF67C580034F2D7 /* TableViewCell.m in Sources */,
				267024401CF650210034F2D7 /* TableViewController.m in Sources */,
			);
			runOnlyForDeploymentPostprocessing = 0;
		};
/* End PBXSourcesBuildPhase section */

/* Begin PBXVariantGroup section */
		2670242D1CF650100034F2D7 /* Main.storyboard */ = {
			isa = PBXVariantGroup;
			children = (
				2670242E1CF650100034F2D7 /* Base */,
			);
			name = Main.storyboard;
			sourceTree = "<group>";
		};
		267024351CF650100034F2D7 /* LaunchScreen.storyboard */ = {
			isa = PBXVariantGroup;
			children = (
				267024361CF650100034F2D7 /* Base */,
			);
			name = LaunchScreen.storyboard;
			sourceTree = "<group>";
		};
/* End PBXVariantGroup section */

/* Begin XCBuildConfiguration section */
		267024391CF650100034F2D7 /* Debug */ = {
			isa = XCBuildConfiguration;
			buildSettings = {
				ALWAYS_SEARCH_USER_PATHS = NO;
				CLANG_ANALYZER_NONNULL = YES;
				CLANG_CXX_LANGUAGE_STANDARD = "gnu++0x";
				CLANG_CXX_LIBRARY = "libc++";
				CLANG_ENABLE_MODULES = YES;
				CLANG_ENABLE_OBJC_ARC = YES;
				CLANG_WARN_BOOL_CONVERSION = YES;
				CLANG_WARN_CONSTANT_CONVERSION = YES;
				CLANG_WARN_DIRECT_OBJC_ISA_USAGE = YES_ERROR;
				CLANG_WARN_EMPTY_BODY = YES;
				CLANG_WARN_ENUM_CONVERSION = YES;
				CLANG_WARN_INT_CONVERSION = YES;
				CLANG_WARN_OBJC_ROOT_CLASS = YES_ERROR;
				CLANG_WARN_UNREACHABLE_CODE = YES;
				CLANG_WARN__DUPLICATE_METHOD_MATCH = YES;
				"CODE_SIGN_IDENTITY[sdk=iphoneos*]" = "iPhone Developer";
				COPY_PHASE_STRIP = NO;
				DEBUG_INFORMATION_FORMAT = dwarf;
				ENABLE_STRICT_OBJC_MSGSEND = YES;
				ENABLE_TESTABILITY = YES;
				GCC_C_LANGUAGE_STANDARD = gnu99;
				GCC_DYNAMIC_NO_PIC = NO;
				GCC_NO_COMMON_BLOCKS = YES;
				GCC_OPTIMIZATION_LEVEL = 0;
				GCC_PREPROCESSOR_DEFINITIONS = (
					"DEBUG=1",
					"$(inherited)",
				);
				GCC_WARN_64_TO_32_BIT_CONVERSION = YES;
				GCC_WARN_ABOUT_RETURN_TYPE = YES_ERROR;
				GCC_WARN_UNDECLARED_SELECTOR = YES;
				GCC_WARN_UNINITIALIZED_AUTOS = YES_AGGRESSIVE;
				GCC_WARN_UNUSED_FUNCTION = YES;
				GCC_WARN_UNUSED_VARIABLE = YES;
				IPHONEOS_DEPLOYMENT_TARGET = 9.3;
				MTL_ENABLE_DEBUG_INFO = YES;
				ONLY_ACTIVE_ARCH = YES;
				SDKROOT = iphoneos;
			};
			name = Debug;
		};
		2670243A1CF650100034F2D7 /* Release */ = {
			isa = XCBuildConfiguration;
			buildSettings = {
				ALWAYS_SEARCH_USER_PATHS = NO;
				CLANG_ANALYZER_NONNULL = YES;
				CLANG_CXX_LANGUAGE_STANDARD = "gnu++0x";
				CLANG_CXX_LIBRARY = "libc++";
				CLANG_ENABLE_MODULES = YES;
				CLANG_ENABLE_OBJC_ARC = YES;
				CLANG_WARN_BOOL_CONVERSION = YES;
				CLANG_WARN_CONSTANT_CONVERSION = YES;
				CLANG_WARN_DIRECT_OBJC_ISA_USAGE = YES_ERROR;
				CLANG_WARN_EMPTY_BODY = YES;
				CLANG_WARN_ENUM_CONVERSION = YES;
				CLANG_WARN_INT_CONVERSION = YES;
				CLANG_WARN_OBJC_ROOT_CLASS = YES_ERROR;
				CLANG_WARN_UNREACHABLE_CODE = YES;
				CLANG_WARN__DUPLICATE_METHOD_MATCH = YES;
				"CODE_SIGN_IDENTITY[sdk=iphoneos*]" = "iPhone Developer";
				COPY_PHASE_STRIP = NO;
				DEBUG_INFORMATION_FORMAT = "dwarf-with-dsym";
				ENABLE_NS_ASSERTIONS = NO;
				ENABLE_STRICT_OBJC_MSGSEND = YES;
				GCC_C_LANGUAGE_STANDARD = gnu99;
				GCC_NO_COMMON_BLOCKS = YES;
				GCC_WARN_64_TO_32_BIT_CONVERSION = YES;
				GCC_WARN_ABOUT_RETURN_TYPE = YES_ERROR;
				GCC_WARN_UNDECLARED_SELECTOR = YES;
				GCC_WARN_UNINITIALIZED_AUTOS = YES_AGGRESSIVE;
				GCC_WARN_UNUSED_FUNCTION = YES;
				GCC_WARN_UNUSED_VARIABLE = YES;
				IPHONEOS_DEPLOYMENT_TARGET = 9.3;
				MTL_ENABLE_DEBUG_INFO = NO;
				SDKROOT = iphoneos;
				VALIDATE_PRODUCT = YES;
			};
			name = Release;
		};
		2670243C1CF650100034F2D7 /* Debug */ = {
			isa = XCBuildConfiguration;
			buildSettings = {
				ASSETCATALOG_COMPILER_APPICON_NAME = AppIcon;
				INFOPLIST_FILE = "A&F/Info.plist";
				LD_RUNPATH_SEARCH_PATHS = "$(inherited) @executable_path/Frameworks";
				PRODUCT_BUNDLE_IDENTIFIER = "com.icc.A-F";
				PRODUCT_NAME = "$(TARGET_NAME)";
			};
			name = Debug;
		};
		2670243D1CF650100034F2D7 /* Release */ = {
			isa = XCBuildConfiguration;
			buildSettings = {
				ASSETCATALOG_COMPILER_APPICON_NAME = AppIcon;
				INFOPLIST_FILE = "A&F/Info.plist";
				LD_RUNPATH_SEARCH_PATHS = "$(inherited) @executable_path/Frameworks";
				PRODUCT_BUNDLE_IDENTIFIER = "com.icc.A-F";
				PRODUCT_NAME = "$(TARGET_NAME)";
			};
			name = Release;
		};
/* End XCBuildConfiguration section */

/* Begin XCConfigurationList section */
		2670241C1CF650100034F2D7 /* Build configuration list for PBXProject "A&F" */ = {
			isa = XCConfigurationList;
			buildConfigurations = (
				267024391CF650100034F2D7 /* Debug */,
				2670243A1CF650100034F2D7 /* Release */,
			);
			defaultConfigurationIsVisible = 0;
			defaultConfigurationName = Release;
		};
		2670243B1CF650100034F2D7 /* Build configuration list for PBXNativeTarget "A&F" */ = {
			isa = XCConfigurationList;
			buildConfigurations = (
				2670243C1CF650100034F2D7 /* Debug */,
				2670243D1CF650100034F2D7 /* Release */,
			);
			defaultConfigurationIsVisible = 0;
			defaultConfigurationName = Release;
		};
/* End XCConfigurationList section */

/* Begin XCVersionGroup section */
		267024301CF650100034F2D7 /* A_F.xcdatamodeld */ = {
			isa = XCVersionGroup;
			children = (
				267024311CF650100034F2D7 /* A_F.xcdatamodel */,
			);
			currentVersion = 267024311CF650100034F2D7 /* A_F.xcdatamodel */;
			path = A_F.xcdatamodeld;
			sourceTree = "<group>";
			versionGroupType = wrapper.xcdatamodel;
		};
/* End XCVersionGroup section */
	};
	rootObject = 267024191CF650100034F2D7 /* Project object */;
}
